// !$*UTF8*$!
{
	archiveVersion = 1;
	classes = {
	};
	objectVersion = 50;
	objects = {

/* Begin PBXBuildFile section */
		FC33A50025FBD7F600EA3763 /* Launch Screen.storyboard in Resources */ = {isa = PBXBuildFile; fileRef = FC33A4FF25FBD7F600EA3763 /* Launch Screen.storyboard */; };
		FCFC035E25FBA79300C1726B /* AppDelegate.swift in Sources */ = {isa = PBXBuildFile; fileRef = FCFC035D25FBA79300C1726B /* AppDelegate.swift */; };
		FCFC036425FBA79300C1726B /* GameScene.swift in Sources */ = {isa = PBXBuildFile; fileRef = FCFC036325FBA79300C1726B /* GameScene.swift */; };
		FCFC036625FBA79300C1726B /* GameViewController.swift in Sources */ = {isa = PBXBuildFile; fileRef = FCFC036525FBA79300C1726B /* GameViewController.swift */; };
		FCFC036925FBA79300C1726B /* Main.storyboard in Resources */ = {isa = PBXBuildFile; fileRef = FCFC036725FBA79300C1726B /* Main.storyboard */; };
		FCFC036B25FBA79500C1726B /* Assets.xcassets in Resources */ = {isa = PBXBuildFile; fileRef = FCFC036A25FBA79500C1726B /* Assets.xcassets */; };
		FCFC037F25FBAA1500C1726B /* score.mp3 in Resources */ = {isa = PBXBuildFile; fileRef = FCFC037C25FBAA1500C1726B /* score.mp3 */; };
		FCFC038025FBAA1500C1726B /* hit.mp3 in Resources */ = {isa = PBXBuildFile; fileRef = FCFC037D25FBAA1500C1726B /* hit.mp3 */; };
		FCFC038125FBAA1500C1726B /* music.m4a in Resources */ = {isa = PBXBuildFile; fileRef = FCFC037E25FBAA1500C1726B /* music.m4a */; };
/* End PBXBuildFile section */

/* Begin PBXFileReference section */
		FC33A4FF25FBD7F600EA3763 /* Launch Screen.storyboard */ = {isa = PBXFileReference; lastKnownFileType = file.storyboard; path = "Launch Screen.storyboard"; sourceTree = "<group>"; };
		FCFC035A25FBA79300C1726B /* FlappyDragon.app */ = {isa = PBXFileReference; explicitFileType = wrapper.application; includeInIndex = 0; path = FlappyDragon.app; sourceTree = BUILT_PRODUCTS_DIR; };
		FCFC035D25FBA79300C1726B /* AppDelegate.swift */ = {isa = PBXFileReference; lastKnownFileType = sourcecode.swift; path = AppDelegate.swift; sourceTree = "<group>"; };
		FCFC036325FBA79300C1726B /* GameScene.swift */ = {isa = PBXFileReference; lastKnownFileType = sourcecode.swift; path = GameScene.swift; sourceTree = "<group>"; };
		FCFC036525FBA79300C1726B /* GameViewController.swift */ = {isa = PBXFileReference; lastKnownFileType = sourcecode.swift; path = GameViewController.swift; sourceTree = "<group>"; };
		FCFC036825FBA79300C1726B /* Base */ = {isa = PBXFileReference; lastKnownFileType = file.storyboard; name = Base; path = Base.lproj/Main.storyboard; sourceTree = "<group>"; };
		FCFC036A25FBA79500C1726B /* Assets.xcassets */ = {isa = PBXFileReference; lastKnownFileType = folder.assetcatalog; path = Assets.xcassets; sourceTree = "<group>"; };
		FCFC036C25FBA79500C1726B /* Info.plist */ = {isa = PBXFileReference; lastKnownFileType = text.plist.xml; path = Info.plist; sourceTree = "<group>"; };
		FCFC037C25FBAA1500C1726B /* score.mp3 */ = {isa = PBXFileReference; lastKnownFileType = audio.mp3; path = score.mp3; sourceTree = "<group>"; };
		FCFC037D25FBAA1500C1726B /* hit.mp3 */ = {isa = PBXFileReference; lastKnownFileType = audio.mp3; path = hit.mp3; sourceTree = "<group>"; };
		FCFC037E25FBAA1500C1726B /* music.m4a */ = {isa = PBXFileReference; lastKnownFileType = file; path = music.m4a; sourceTree = "<group>"; };
/* End PBXFileReference section */

/* Begin PBXFrameworksBuildPhase section */
		FCFC035725FBA79300C1726B /* Frameworks */ = {
			isa = PBXFrameworksBuildPhase;
			buildActionMask = 2147483647;
			files = (
			);
			runOnlyForDeploymentPostprocessing = 0;
		};
/* End PBXFrameworksBuildPhase section */

/* Begin PBXGroup section */
		FCFC035125FBA79300C1726B = {
			isa = PBXGroup;
			children = (
				FCFC035C25FBA79300C1726B /* FlappyDragon */,
				FCFC035B25FBA79300C1726B /* Products */,
			);
			sourceTree = "<group>";
		};
		FCFC035B25FBA79300C1726B /* Products */ = {
			isa = PBXGroup;
			children = (
				FCFC035A25FBA79300C1726B /* FlappyDragon.app */,
			);
			name = Products;
			sourceTree = "<group>";
		};
		FCFC035C25FBA79300C1726B /* FlappyDragon */ = {
			isa = PBXGroup;
			children = (
				FCFC037B25FBAA0900C1726B /* Audios */,
				FCFC037925FBA97F00C1726B /* Storyboards */,
				FCFC035D25FBA79300C1726B /* AppDelegate.swift */,
				FCFC036325FBA79300C1726B /* GameScene.swift */,
				FCFC036525FBA79300C1726B /* GameViewController.swift */,
				FCFC036A25FBA79500C1726B /* Assets.xcassets */,
				FCFC036C25FBA79500C1726B /* Info.plist */,
			);
			path = FlappyDragon;
			sourceTree = "<group>";
		};
		FCFC037925FBA97F00C1726B /* Storyboards */ = {
			isa = PBXGroup;
			children = (
				FCFC036725FBA79300C1726B /* Main.storyboard */,
				FC33A4FF25FBD7F600EA3763 /* Launch Screen.storyboard */,
			);
			path = Storyboards;
			sourceTree = "<group>";
		};
		FCFC037B25FBAA0900C1726B /* Audios */ = {
			isa = PBXGroup;
			children = (
				FCFC037D25FBAA1500C1726B /* hit.mp3 */,
				FCFC037E25FBAA1500C1726B /* music.m4a */,
				FCFC037C25FBAA1500C1726B /* score.mp3 */,
			);
			path = Audios;
			sourceTree = "<group>";
		};
/* End PBXGroup section */

/* Begin PBXNativeTarget section */
		FCFC035925FBA79300C1726B /* FlappyDragon */ = {
			isa = PBXNativeTarget;
			buildConfigurationList = FCFC036F25FBA79500C1726B /* Build configuration list for PBXNativeTarget "FlappyDragon" */;
			buildPhases = (
				FCFC035625FBA79300C1726B /* Sources */,
				FCFC035725FBA79300C1726B /* Frameworks */,
				FCFC035825FBA79300C1726B /* Resources */,
			);
			buildRules = (
			);
			dependencies = (
			);
			name = FlappyDragon;
			productName = FlappyDragon;
			productReference = FCFC035A25FBA79300C1726B /* FlappyDragon.app */;
			productType = "com.apple.product-type.application";
		};
/* End PBXNativeTarget section */

/* Begin PBXProject section */
		FCFC035225FBA79300C1726B /* Project object */ = {
			isa = PBXProject;
			attributes = {
				LastSwiftUpdateCheck = 1240;
				LastUpgradeCheck = 1240;
				TargetAttributes = {
					FCFC035925FBA79300C1726B = {
						CreatedOnToolsVersion = 12.4;
					};
				};
			};
			buildConfigurationList = FCFC035525FBA79300C1726B /* Build configuration list for PBXProject "FlappyDragon" */;
			compatibilityVersion = "Xcode 9.3";
			developmentRegion = en;
			hasScannedForEncodings = 0;
			knownRegions = (
				en,
				Base,
			);
			mainGroup = FCFC035125FBA79300C1726B;
			productRefGroup = FCFC035B25FBA79300C1726B /* Products */;
			projectDirPath = "";
			projectRoot = "";
			targets = (
				FCFC035925FBA79300C1726B /* FlappyDragon */,
			);
		};
/* End PBXProject section */

/* Begin PBXResourcesBuildPhase section */
		FCFC035825FBA79300C1726B /* Resources */ = {
			isa = PBXResourcesBuildPhase;
			buildActionMask = 2147483647;
			files = (
				FC33A50025FBD7F600EA3763 /* Launch Screen.storyboard in Resources */,
				FCFC036925FBA79300C1726B /* Main.storyboard in Resources */,
				FCFC036B25FBA79500C1726B /* Assets.xcassets in Resources */,
				FCFC038125FBAA1500C1726B /* music.m4a in Resources */,
				FCFC037F25FBAA1500C1726B /* score.mp3 in Resources */,
				FCFC038025FBAA1500C1726B /* hit.mp3 in Resources */,
			);
			runOnlyForDeploymentPostprocessing = 0;
		};
/* End PBXResourcesBuildPhase section */

/* Begin PBXSourcesBuildPhase section */
		FCFC035625FBA79300C1726B /* Sources */ = {
			isa = PBXSourcesBuildPhase;
			buildActionMask = 2147483647;
			files = (
				FCFC036425FBA79300C1726B /* GameScene.swift in Sources */,
				FCFC036625FBA79300C1726B /* GameViewController.swift in Sources */,
				FCFC035E25FBA79300C1726B /* AppDelegate.swift in Sources */,
			);
			runOnlyForDeploymentPostprocessing = 0;
		};
/* End PBXSourcesBuildPhase section */

/* Begin PBXVariantGroup section */
		FCFC036725FBA79300C1726B /* Main.storyboard */ = {
			isa = PBXVariantGroup;
			children = (
				FCFC036825FBA79300C1726B /* Base */,
			);
			name = Main.storyboard;
			sourceTree = "<group>";
		};
/* End PBXVariantGroup section */

/* Begin XCBuildConfiguration section */
		FCFC036D25FBA79500C1726B /* Debug */ = {
			isa = XCBuildConfiguration;
			buildSettings = {
				ALWAYS_SEARCH_USER_PATHS = NO;
				CLANG_ANALYZER_NONNULL = YES;
				CLANG_ANALYZER_NUMBER_OBJECT_CONVERSION = YES_AGGRESSIVE;
				CLANG_CXX_LANGUAGE_STANDARD = "gnu++14";
				CLANG_CXX_LIBRARY = "libc++";
				CLANG_ENABLE_MODULES = YES;
				CLANG_ENABLE_OBJC_ARC = YES;
				CLANG_ENABLE_OBJC_WEAK = YES;
				CLANG_WARN_BLOCK_CAPTURE_AUTORELEASING = YES;
				CLANG_WARN_BOOL_CONVERSION = YES;
				CLANG_WARN_COMMA = YES;
				CLANG_WARN_CONSTANT_CONVERSION = YES;
				CLANG_WARN_DEPRECATED_OBJC_IMPLEMENTATIONS = YES;
				CLANG_WARN_DIRECT_OBJC_ISA_USAGE = YES_ERROR;
				CLANG_WARN_DOCUMENTATION_COMMENTS = YES;
				CLANG_WARN_EMPTY_BODY = YES;
				CLANG_WARN_ENUM_CONVERSION = YES;
				CLANG_WARN_INFINITE_RECURSION = YES;
				CLANG_WARN_INT_CONVERSION = YES;
				CLANG_WARN_NON_LITERAL_NULL_CONVERSION = YES;
				CLANG_WARN_OBJC_IMPLICIT_RETAIN_SELF = YES;
				CLANG_WARN_OBJC_LITERAL_CONVERSION = YES;
				CLANG_WARN_OBJC_ROOT_CLASS = YES_ERROR;
				CLANG_WARN_QUOTED_INCLUDE_IN_FRAMEWORK_HEADER = YES;
				CLANG_WARN_RANGE_LOOP_ANALYSIS = YES;
				CLANG_WARN_STRICT_PROTOTYPES = YES;
				CLANG_WARN_SUSPICIOUS_MOVE = YES;
				CLANG_WARN_UNGUARDED_AVAILABILITY = YES_AGGRESSIVE;
				CLANG_WARN_UNREACHABLE_CODE = YES;
				CLANG_WARN__DUPLICATE_METHOD_MATCH = YES;
				COPY_PHASE_STRIP = NO;
				DEBUG_INFORMATION_FORMAT = dwarf;
				ENABLE_STRICT_OBJC_MSGSEND = YES;
				ENABLE_TESTABILITY = YES;
				GCC_C_LANGUAGE_STANDARD = gnu11;
				GCC_DYNAMIC_NO_PIC = NO;
				GCC_NO_COMMON_BLOCKS = YES;
				GCC_OPTIMIZATION_LEVEL = 0;
				GCC_PREPROCESSOR_DEFINITIONS = (
					"DEBUG=1",
					"$(inherited)",
				);
				GCC_WARN_64_TO_32_BIT_CONVERSION = YES;
				GCC_WARN_ABOUT_RETURN_TYPE = YES_ERROR;
				GCC_WARN_UNDECLARED_SELECTOR = YES;
				GCC_WARN_UNINITIALIZED_AUTOS = YES_AGGRESSIVE;
				GCC_WARN_UNUSED_FUNCTION = YES;
				GCC_WARN_UNUSED_VARIABLE = YES;
				IPHONEOS_DEPLOYMENT_TARGET = 14.4;
				MTL_ENABLE_DEBUG_INFO = INCLUDE_SOURCE;
				MTL_FAST_MATH = YES;
				ONLY_ACTIVE_ARCH = YES;
				SDKROOT = iphoneos;
				SWIFT_ACTIVE_COMPILATION_CONDITIONS = DEBUG;
				SWIFT_OPTIMIZATION_LEVEL = "-Onone";
			};
			name = Debug;
		};
		FCFC036E25FBA79500C1726B /* Release */ = {
			isa = XCBuildConfiguration;
			buildSettings = {
				ALWAYS_SEARCH_USER_PATHS = NO;
				CLANG_ANALYZER_NONNULL = YES;
				CLANG_ANALYZER_NUMBER_OBJECT_CONVERSION = YES_AGGRESSIVE;
				CLANG_CXX_LANGUAGE_STANDARD = "gnu++14";
				CLANG_CXX_LIBRARY = "libc++";
				CLANG_ENABLE_MODULES = YES;
				CLANG_ENABLE_OBJC_ARC = YES;
				CLANG_ENABLE_OBJC_WEAK = YES;
				CLANG_WARN_BLOCK_CAPTURE_AUTORELEASING = YES;
				CLANG_WARN_BOOL_CONVERSION = YES;
				CLANG_WARN_COMMA = YES;
				CLANG_WARN_CONSTANT_CONVERSION = YES;
				CLANG_WARN_DEPRECATED_OBJC_IMPLEMENTATIONS = YES;
				CLANG_WARN_DIRECT_OBJC_ISA_USAGE = YES_ERROR;
				CLANG_WARN_DOCUMENTATION_COMMENTS = YES;
				CLANG_WARN_EMPTY_BODY = YES;
				CLANG_WARN_ENUM_CONVERSION = YES;
				CLANG_WARN_INFINITE_RECURSION = YES;
				CLANG_WARN_INT_CONVERSION = YES;
				CLANG_WARN_NON_LITERAL_NULL_CONVERSION = YES;
				CLANG_WARN_OBJC_IMPLICIT_RETAIN_SELF = YES;
				CLANG_WARN_OBJC_LITERAL_CONVERSION = YES;
				CLANG_WARN_OBJC_ROOT_CLASS = YES_ERROR;
				CLANG_WARN_QUOTED_INCLUDE_IN_FRAMEWORK_HEADER = YES;
				CLANG_WARN_RANGE_LOOP_ANALYSIS = YES;
				CLANG_WARN_STRICT_PROTOTYPES = YES;
				CLANG_WARN_SUSPICIOUS_MOVE = YES;
				CLANG_WARN_UNGUARDED_AVAILABILITY = YES_AGGRESSIVE;
				CLANG_WARN_UNREACHABLE_CODE = YES;
				CLANG_WARN__DUPLICATE_METHOD_MATCH = YES;
				COPY_PHASE_STRIP = NO;
				DEBUG_INFORMATION_FORMAT = "dwarf-with-dsym";
				ENABLE_NS_ASSERTIONS = NO;
				ENABLE_STRICT_OBJC_MSGSEND = YES;
				GCC_C_LANGUAGE_STANDARD = gnu11;
				GCC_NO_COMMON_BLOCKS = YES;
				GCC_WARN_64_TO_32_BIT_CONVERSION = YES;
				GCC_WARN_ABOUT_RETURN_TYPE = YES_ERROR;
				GCC_WARN_UNDECLARED_SELECTOR = YES;
				GCC_WARN_UNINITIALIZED_AUTOS = YES_AGGRESSIVE;
				GCC_WARN_UNUSED_FUNCTION = YES;
				GCC_WARN_UNUSED_VARIABLE = YES;
				IPHONEOS_DEPLOYMENT_TARGET = 14.4;
				MTL_ENABLE_DEBUG_INFO = NO;
				MTL_FAST_MATH = YES;
				SDKROOT = iphoneos;
				SWIFT_COMPILATION_MODE = wholemodule;
				SWIFT_OPTIMIZATION_LEVEL = "-O";
				VALIDATE_PRODUCT = YES;
			};
			name = Release;
		};
		FCFC037025FBA79500C1726B /* Debug */ = {
			isa = XCBuildConfiguration;
			buildSettings = {
				ASSETCATALOG_COMPILER_APPICON_NAME = AppIcon;
				ASSETCATALOG_COMPILER_GLOBAL_ACCENT_COLOR_NAME = AccentColor;
				CODE_SIGN_STYLE = Automatic;
				DEVELOPMENT_TEAM = 7Q7P4QSJ2J;
				INFOPLIST_FILE = FlappyDragon/Info.plist;
				IPHONEOS_DEPLOYMENT_TARGET = 13.0;
				LD_RUNPATH_SEARCH_PATHS = (
					"$(inherited)",
					"@executable_path/Frameworks",
				);
				PRODUCT_BUNDLE_IDENTIFIER = com.matheustorresii.FlappyDragon;
				PRODUCT_NAME = "$(TARGET_NAME)";
				SWIFT_VERSION = 5.0;
				TARGETED_DEVICE_FAMILY = 1;
			};
			name = Debug;
		};
		FCFC037125FBA79500C1726B /* Release */ = {
			isa = XCBuildConfiguration;
			buildSettings = {
				ASSETCATALOG_COMPILER_APPICON_NAME = AppIcon;
				ASSETCATALOG_COMPILER_GLOBAL_ACCENT_COLOR_NAME = AccentColor;
				CODE_SIGN_STYLE = Automatic;
				DEVELOPMENT_TEAM = 7Q7P4QSJ2J;
				INFOPLIST_FILE = FlappyDragon/Info.plist;
				IPHONEOS_DEPLOYMENT_TARGET = 13.0;
				LD_RUNPATH_SEARCH_PATHS = (
					"$(inherited)",
					"@executable_path/Frameworks",
				);
				PRODUCT_BUNDLE_IDENTIFIER = com.matheustorresii.FlappyDragon;
				PRODUCT_NAME = "$(TARGET_NAME)";
				SWIFT_VERSION = 5.0;
				TARGETED_DEVICE_FAMILY = 1;
			};
			name = Release;
		};
/* End XCBuildConfiguration section */

/* Begin XCConfigurationList section */
		FCFC035525FBA79300C1726B /* Build configuration list for PBXProject "FlappyDragon" */ = {
			isa = XCConfigurationList;
			buildConfigurations = (
				FCFC036D25FBA79500C1726B /* Debug */,
				FCFC036E25FBA79500C1726B /* Release */,
			);
			defaultConfigurationIsVisible = 0;
			defaultConfigurationName = Release;
		};
		FCFC036F25FBA79500C1726B /* Build configuration list for PBXNativeTarget "FlappyDragon" */ = {
			isa = XCConfigurationList;
			buildConfigurations = (
				FCFC037025FBA79500C1726B /* Debug */,
				FCFC037125FBA79500C1726B /* Release */,
			);
			defaultConfigurationIsVisible = 0;
			defaultConfigurationName = Release;
		};
/* End XCConfigurationList section */
	};
	rootObject = FCFC035225FBA79300C1726B /* Project object */;
}
